
Microsoft Visual Studio Solution File, Format Version 12.00
# Visual Studio Version 17
VisualStudioVersion = 17.13.35931.197
MinimumVisualStudioVersion = 10.0.40219.1
Project("{FAE04EC0-301F-11D3-BF4B-00C04F79EFBC}") = "YGO_Duel_Stats_Api", "YGO-Duel-Stats-Api\YGO_Duel_Stats_Api.csproj", "{305CD126-3587-4F97-AD74-AAE8A8F891EC}"
EndProject
Global
	GlobalSection(SolutionConfigurationPlatforms) = preSolution
		Debug|Any CPU = Debug|Any CPU
		Release|Any CPU = Release|Any CPU
	EndGlobalSection
	GlobalSection(ProjectConfigurationPlatforms) = postSolution
		{305CD126-3587-4F97-AD74-AAE8A8F891EC}.Debug|Any CPU.ActiveCfg = Debug|Any CPU
		{305CD126-3587-4F97-AD74-AAE8A8F891EC}.Debug|Any CPU.Build.0 = Debug|Any CPU
		{305CD126-3587-4F97-AD74-AAE8A8F891EC}.Release|Any CPU.ActiveCfg = Release|Any CPU
		{305CD126-3587-4F97-AD74-AAE8A8F891EC}.Release|Any CPU.Build.0 = Release|Any CPU
	EndGlobalSection
	GlobalSection(SolutionProperties) = preSolution
		HideSolutionNode = FALSE
	EndGlobalSection
	GlobalSection(ExtensibilityGlobals) = postSolution
		SolutionGuid = {1D0868A5-DF0C-4EED-B21A-549293C6A28F}
	EndGlobalSection
EndGlobal
